
Microsoft Visual Studio Solution File, Format Version 12.00
# Visual Studio Version 16
VisualStudioVersion = 16.0.31424.327
MinimumVisualStudioVersion = 10.0.40219.1
Project("{FAE04EC0-301F-11D3-BF4B-00C04F79EFBC}") = "Test-Snake", "Test-Snake.csproj", "{019E7B49-0E77-4940-8D00-41047FA17B60}"
EndProject
Global
	GlobalSection(SolutionConfigurationPlatforms) = preSolution
		Debug|Any CPU = Debug|Any CPU
		Release|Any CPU = Release|Any CPU
	EndGlobalSection
	GlobalSection(ProjectConfigurationPlatforms) = postSolution
		{019E7B49-0E77-4940-8D00-41047FA17B60}.Debug|Any CPU.ActiveCfg = Debug|Any CPU
		{019E7B49-0E77-4940-8D00-41047FA17B60}.Debug|Any CPU.Build.0 = Debug|Any CPU
		{019E7B49-0E77-4940-8D00-41047FA17B60}.Release|Any CPU.ActiveCfg = Release|Any CPU
		{019E7B49-0E77-4940-8D00-41047FA17B60}.Release|Any CPU.Build.0 = Release|Any CPU
	EndGlobalSection
	GlobalSection(SolutionProperties) = preSolution
		HideSolutionNode = FALSE
	EndGlobalSection
	GlobalSection(ExtensibilityGlobals) = postSolution
		SolutionGuid = {F09BC6D9-7007-462A-BF75-62F0DAF69558}
	EndGlobalSection
EndGlobal
